
Microsoft Visual Studio Solution File, Format Version 12.00
# Visual Studio Version 16
VisualStudioVersion = 16.0.32002.261
MinimumVisualStudioVersion = 10.0.40219.1
Project("{FAE04EC0-301F-11D3-BF4B-00C04F79EFBC}") = "ToDoUI", "ToDoUI\ToDoUI.csproj", "{A6EF0861-A764-4A2C-A037-E8F619102C3C}"
EndProject
Project("{FAE04EC0-301F-11D3-BF4B-00C04F79EFBC}") = "ToDoVM", "ToDoVM\ToDoVM.csproj", "{2A56522E-21F7-4A7C-A65B-49E2F5DF8D30}"
EndProject
Global
	GlobalSection(SolutionConfigurationPlatforms) = preSolution
		Debug|Any CPU = Debug|Any CPU
		Release|Any CPU = Release|Any CPU
	EndGlobalSection
	GlobalSection(ProjectConfigurationPlatforms) = postSolution
		{A6EF0861-A764-4A2C-A037-E8F619102C3C}.Debug|Any CPU.ActiveCfg = Debug|Any CPU
		{A6EF0861-A764-4A2C-A037-E8F619102C3C}.Debug|Any CPU.Build.0 = Debug|Any CPU
		{A6EF0861-A764-4A2C-A037-E8F619102C3C}.Release|Any CPU.ActiveCfg = Release|Any CPU
		{A6EF0861-A764-4A2C-A037-E8F619102C3C}.Release|Any CPU.Build.0 = Release|Any CPU
		{2A56522E-21F7-4A7C-A65B-49E2F5DF8D30}.Debug|Any CPU.ActiveCfg = Debug|Any CPU
		{2A56522E-21F7-4A7C-A65B-49E2F5DF8D30}.Debug|Any CPU.Build.0 = Debug|Any CPU
		{2A56522E-21F7-4A7C-A65B-49E2F5DF8D30}.Release|Any CPU.ActiveCfg = Release|Any CPU
		{2A56522E-21F7-4A7C-A65B-49E2F5DF8D30}.Release|Any CPU.Build.0 = Release|Any CPU
	EndGlobalSection
	GlobalSection(SolutionProperties) = preSolution
		HideSolutionNode = FALSE
	EndGlobalSection
	GlobalSection(ExtensibilityGlobals) = postSolution
		SolutionGuid = {CF79B314-BD3D-493F-AF84-6DEB55C336C0}
	EndGlobalSection
EndGlobal
